
Microsoft Visual Studio Solution File, Format Version 12.00
# Visual Studio 15
VisualStudioVersion = 15.0.27703.2018
MinimumVisualStudioVersion = 10.0.40219.1
Project("{9A19103F-16F7-4668-BE54-9A1E7A4F7556}") = "Programmerare.ShortestPaths.Core", "Programmerare.ShortestPaths.Core\Programmerare.ShortestPaths.Core.csproj", "{45DE26BC-016F-445C-B625-9D7F04EA3353}"
EndProject
Project("{FAE04EC0-301F-11D3-BF4B-00C04F79EFBC}") = "Programmerare.ShortestPaths.Test", "Programmerare.ShortestPaths.Test\Programmerare.ShortestPaths.Test.csproj", "{E3C0E64A-6B2B-4B7E-AF75-465C7B7A7559}"
EndProject
Project("{9A19103F-16F7-4668-BE54-9A1E7A4F7556}") = "Programmerare.ShortestPaths.Adaptee.YanQi", "Programmerare.ShortestPaths.Adaptee.YanQi\Programmerare.ShortestPaths.Adaptee.YanQi.csproj", "{B3A75F90-E892-48AF-AD32-563514C9D72A}"
EndProject
Project("{FAE04EC0-301F-11D3-BF4B-00C04F79EFBC}") = "Programmerare.ShortestPaths.Adaptee.YanQi.Test", "Programmerare.ShortestPaths.Adaptee.YanQi.Test\Programmerare.ShortestPaths.Adaptee.YanQi.Test.csproj", "{992E5467-337A-47BF-BDB4-1E3BF77E79C2}"
EndProject
Project("{9A19103F-16F7-4668-BE54-9A1E7A4F7556}") = "Programmerare.ShortestPaths.Adapter.YanQi", "Programmerare.ShortestPaths.Adapter.YanQi\Programmerare.ShortestPaths.Adapter.YanQi.csproj", "{E5F801D6-0430-4E40-8DEB-94EF6DEF2F8C}"
EndProject
Project("{9A19103F-16F7-4668-BE54-9A1E7A4F7556}") = "Programmerare.ShortestPaths.Adapter.Bsmock", "Programmerare.ShortestPaths.Adapter.Bsmock\Programmerare.ShortestPaths.Adapter.Bsmock.csproj", "{B15EDC9E-B0BD-4CF0-AE98-31649DF63D84}"
EndProject
Project("{9A19103F-16F7-4668-BE54-9A1E7A4F7556}") = "Programmerare.ShortestPaths.Adaptee.Bsmock", "Programmerare.ShortestPaths.Adaptee.Bsmock\Programmerare.ShortestPaths.Adaptee.Bsmock.csproj", "{60C54CB0-C8BF-4A39-9F8B-B18D0F76A89D}"
	ProjectSection(ProjectDependencies) = postProject
		{E345E0BE-3A15-4D06-BCAA-4951EF27DE15} = {E345E0BE-3A15-4D06-BCAA-4951EF27DE15}
	EndProjectSection
EndProject
Project("{FAE04EC0-301F-11D3-BF4B-00C04F79EFBC}") = "Programmerare.ShortestPaths.Adaptee.Bsmock.Test", "Programmerare.ShortestPaths.Adaptee.Bsmock.Test\Programmerare.ShortestPaths.Adaptee.Bsmock.Test.csproj", "{BDDF6667-CF76-429E-8B19-5E9FD9BDA947}"
EndProject
Project("{9A19103F-16F7-4668-BE54-9A1E7A4F7556}") = "Programmerare.ShortestPaths.Adaptees.Common", "Programmerare.ShortestPaths.Adaptees.Common\Programmerare.ShortestPaths.Adaptees.Common.csproj", "{E345E0BE-3A15-4D06-BCAA-4951EF27DE15}"
EndProject
Project("{FAE04EC0-301F-11D3-BF4B-00C04F79EFBC}") = "Programmerare.ShortestPaths.Adaptees.Common.Test", "Programmerare.ShortestPaths.Adaptees.Common.Test\Programmerare.ShortestPaths.Adaptees.Common.Test.csproj", "{68DE9558-16E2-443C-91BD-DFF912AD5D3D}"
EndProject
Project("{FAE04EC0-301F-11D3-BF4B-00C04F79EFBC}") = "Programmerare.ShortestPaths.Example", "Programmerare.ShortestPaths.Example\Programmerare.ShortestPaths.Example.csproj", "{EE0C7039-58E5-4E23-A671-B321CBEE2A19}"
EndProject
Global
	GlobalSection(SolutionConfigurationPlatforms) = preSolution
		Debug|Any CPU = Debug|Any CPU
		Release|Any CPU = Release|Any CPU
	EndGlobalSection
	GlobalSection(ProjectConfigurationPlatforms) = postSolution
		{45DE26BC-016F-445C-B625-9D7F04EA3353}.Debug|Any CPU.ActiveCfg = Debug|Any CPU
		{45DE26BC-016F-445C-B625-9D7F04EA3353}.Debug|Any CPU.Build.0 = Debug|Any CPU
		{45DE26BC-016F-445C-B625-9D7F04EA3353}.Release|Any CPU.ActiveCfg = Release|Any CPU
		{45DE26BC-016F-445C-B625-9D7F04EA3353}.Release|Any CPU.Build.0 = Release|Any CPU
		{E3C0E64A-6B2B-4B7E-AF75-465C7B7A7559}.Debug|Any CPU.ActiveCfg = Debug|Any CPU
		{E3C0E64A-6B2B-4B7E-AF75-465C7B7A7559}.Debug|Any CPU.Build.0 = Debug|Any CPU
		{E3C0E64A-6B2B-4B7E-AF75-465C7B7A7559}.Release|Any CPU.ActiveCfg = Release|Any CPU
		{E3C0E64A-6B2B-4B7E-AF75-465C7B7A7559}.Release|Any CPU.Build.0 = Release|Any CPU
		{B3A75F90-E892-48AF-AD32-563514C9D72A}.Debug|Any CPU.ActiveCfg = Debug|Any CPU
		{B3A75F90-E892-48AF-AD32-563514C9D72A}.Debug|Any CPU.Build.0 = Debug|Any CPU
		{B3A75F90-E892-48AF-AD32-563514C9D72A}.Release|Any CPU.ActiveCfg = Release|Any CPU
		{B3A75F90-E892-48AF-AD32-563514C9D72A}.Release|Any CPU.Build.0 = Release|Any CPU
		{992E5467-337A-47BF-BDB4-1E3BF77E79C2}.Debug|Any CPU.ActiveCfg = Debug|Any CPU
		{992E5467-337A-47BF-BDB4-1E3BF77E79C2}.Debug|Any CPU.Build.0 = Debug|Any CPU
		{992E5467-337A-47BF-BDB4-1E3BF77E79C2}.Release|Any CPU.ActiveCfg = Release|Any CPU
		{992E5467-337A-47BF-BDB4-1E3BF77E79C2}.Release|Any CPU.Build.0 = Release|Any CPU
		{E5F801D6-0430-4E40-8DEB-94EF6DEF2F8C}.Debug|Any CPU.ActiveCfg = Debug|Any CPU
		{E5F801D6-0430-4E40-8DEB-94EF6DEF2F8C}.Debug|Any CPU.Build.0 = Debug|Any CPU
		{E5F801D6-0430-4E40-8DEB-94EF6DEF2F8C}.Release|Any CPU.ActiveCfg = Release|Any CPU
		{E5F801D6-0430-4E40-8DEB-94EF6DEF2F8C}.Release|Any CPU.Build.0 = Release|Any CPU
		{B15EDC9E-B0BD-4CF0-AE98-31649DF63D84}.Debug|Any CPU.ActiveCfg = Debug|Any CPU
		{B15EDC9E-B0BD-4CF0-AE98-31649DF63D84}.Debug|Any CPU.Build.0 = Debug|Any CPU
		{B15EDC9E-B0BD-4CF0-AE98-31649DF63D84}.Release|Any CPU.ActiveCfg = Release|Any CPU
		{B15EDC9E-B0BD-4CF0-AE98-31649DF63D84}.Release|Any CPU.Build.0 = Release|Any CPU
		{60C54CB0-C8BF-4A39-9F8B-B18D0F76A89D}.Debug|Any CPU.ActiveCfg = Debug|Any CPU
		{60C54CB0-C8BF-4A39-9F8B-B18D0F76A89D}.Debug|Any CPU.Build.0 = Debug|Any CPU
		{60C54CB0-C8BF-4A39-9F8B-B18D0F76A89D}.Release|Any CPU.ActiveCfg = Release|Any CPU
		{60C54CB0-C8BF-4A39-9F8B-B18D0F76A89D}.Release|Any CPU.Build.0 = Release|Any CPU
		{BDDF6667-CF76-429E-8B19-5E9FD9BDA947}.Debug|Any CPU.ActiveCfg = Debug|Any CPU
		{BDDF6667-CF76-429E-8B19-5E9FD9BDA947}.Debug|Any CPU.Build.0 = Debug|Any CPU
		{BDDF6667-CF76-429E-8B19-5E9FD9BDA947}.Release|Any CPU.ActiveCfg = Release|Any CPU
		{BDDF6667-CF76-429E-8B19-5E9FD9BDA947}.Release|Any CPU.Build.0 = Release|Any CPU
		{E345E0BE-3A15-4D06-BCAA-4951EF27DE15}.Debug|Any CPU.ActiveCfg = Debug|Any CPU
		{E345E0BE-3A15-4D06-BCAA-4951EF27DE15}.Debug|Any CPU.Build.0 = Debug|Any CPU
		{E345E0BE-3A15-4D06-BCAA-4951EF27DE15}.Release|Any CPU.ActiveCfg = Release|Any CPU
		{E345E0BE-3A15-4D06-BCAA-4951EF27DE15}.Release|Any CPU.Build.0 = Release|Any CPU
		{68DE9558-16E2-443C-91BD-DFF912AD5D3D}.Debug|Any CPU.ActiveCfg = Debug|Any CPU
		{68DE9558-16E2-443C-91BD-DFF912AD5D3D}.Debug|Any CPU.Build.0 = Debug|Any CPU
		{68DE9558-16E2-443C-91BD-DFF912AD5D3D}.Release|Any CPU.ActiveCfg = Release|Any CPU
		{68DE9558-16E2-443C-91BD-DFF912AD5D3D}.Release|Any CPU.Build.0 = Release|Any CPU
		{EE0C7039-58E5-4E23-A671-B321CBEE2A19}.Debug|Any CPU.ActiveCfg = Debug|Any CPU
		{EE0C7039-58E5-4E23-A671-B321CBEE2A19}.Debug|Any CPU.Build.0 = Debug|Any CPU
		{EE0C7039-58E5-4E23-A671-B321CBEE2A19}.Release|Any CPU.ActiveCfg = Release|Any CPU
		{EE0C7039-58E5-4E23-A671-B321CBEE2A19}.Release|Any CPU.Build.0 = Release|Any CPU
	EndGlobalSection
	GlobalSection(SolutionProperties) = preSolution
		HideSolutionNode = FALSE
	EndGlobalSection
	GlobalSection(ExtensibilityGlobals) = postSolution
		SolutionGuid = {149BA7B7-4BE6-48A3-A31E-F5181716A47F}
	EndGlobalSection
EndGlobal
