
Microsoft Visual Studio Solution File, Format Version 12.00
# Visual Studio 15
VisualStudioVersion = 15.0.27703.2018
MinimumVisualStudioVersion = 10.0.40219.1
Project("{9A19103F-16F7-4668-BE54-9A1E7A4F7556}") = "dotnet-adapters-shortest-paths-core", "dotnet-adapters-shortest-paths-core\dotnet-adapters-shortest-paths-core.csproj", "{45DE26BC-016F-445C-B625-9D7F04EA3353}"
EndProject
Project("{FAE04EC0-301F-11D3-BF4B-00C04F79EFBC}") = "dotnet-adapters-shortest-paths-test", "dotnet-adapters-shortest-paths-test\dotnet-adapters-shortest-paths-test.csproj", "{E3C0E64A-6B2B-4B7E-AF75-465C7B7A7559}"
EndProject
Project("{9A19103F-16F7-4668-BE54-9A1E7A4F7556}") = "K-shortest-paths-DotNet-yanqi-translation", "K-shortest-paths-DotNet-yanqi-translation\K-shortest-paths-DotNet-yanqi-translation.csproj", "{B3A75F90-E892-48AF-AD32-563514C9D72A}"
EndProject
Project("{FAE04EC0-301F-11D3-BF4B-00C04F79EFBC}") = "K-shortest-paths-DotNet-yanqi-translation-Test", "K-shortest-paths-DotNet-yanqi-translation-Test\K-shortest-paths-DotNet-yanqi-translation-Test.csproj", "{992E5467-337A-47BF-BDB4-1E3BF77E79C2}"
EndProject
Project("{9A19103F-16F7-4668-BE54-9A1E7A4F7556}") = "dotnet-adapters-shortest-paths-impl-yanqi", "dotnet-adapters-shortest-paths-impl-yanqi\dotnet-adapters-shortest-paths-impl-yanqi.csproj", "{E5F801D6-0430-4E40-8DEB-94EF6DEF2F8C}"
EndProject
Project("{9A19103F-16F7-4668-BE54-9A1E7A4F7556}") = "java-to-dotnet-translation-helpers", "java-to-dotnet-translation-helpers\java-to-dotnet-translation-helpers.csproj", "{7D1415EB-0D86-4BE8-A8E9-F19E66D4BD6E}"
EndProject
Project("{9A19103F-16F7-4668-BE54-9A1E7A4F7556}") = "dotnet-adapters-shortest-paths-impl-bsmock", "dotnet-adapters-shortest-paths-impl-bsmock\dotnet-adapters-shortest-paths-impl-bsmock.csproj", "{B15EDC9E-B0BD-4CF0-AE98-31649DF63D84}"
EndProject
Project("{9A19103F-16F7-4668-BE54-9A1E7A4F7556}") = "K-shortest-paths-DotNet-bsmock-translation", "K-shortest-paths-DotNet-bsmock-translation\K-shortest-paths-DotNet-bsmock-translation.csproj", "{60C54CB0-C8BF-4A39-9F8B-B18D0F76A89D}"
EndProject
Project("{FAE04EC0-301F-11D3-BF4B-00C04F79EFBC}") = "K-shortest-paths-DotNet-bsmock-translation-Test", "K-shortest-paths-DotNet-bsmock-translation-Test\K-shortest-paths-DotNet-bsmock-translation-Test.csproj", "{BDDF6667-CF76-429E-8B19-5E9FD9BDA947}"
EndProject
Project("{9A19103F-16F7-4668-BE54-9A1E7A4F7556}") = "K-shortest-paths-DotNet-parrisha-translation", "K-shortest-paths-DotNet-parrisha-translation\K-shortest-paths-DotNet-parrisha-translation.csproj", "{B70FFB71-D9B4-4984-881D-2E5EB25E2AA8}"
EndProject
Project("{FAE04EC0-301F-11D3-BF4B-00C04F79EFBC}") = "K-shortest-paths-DotNet-parrisha-translation-Test", "K-shortest-paths-DotNet-parrisha-translation-Test\K-shortest-paths-DotNet-parrisha-translation-Test.csproj", "{41A2D09B-1505-453F-971B-13CFBF0BA988}"
EndProject
Project("{9A19103F-16F7-4668-BE54-9A1E7A4F7556}") = "dotnet-adapters-shortest-paths-impl-parrisha", "dotnet-adapters-shortest-paths-impl-parrisha\dotnet-adapters-shortest-paths-impl-parrisha.csproj", "{082A4853-C644-4A8B-B45A-E7B665BE175A}"
EndProject
Project("{9A19103F-16F7-4668-BE54-9A1E7A4F7556}") = "dotnet-adapters-shortest-paths-impl-quickgraph", "dotnet-adapters-shortest-paths-impl-quickgraph\dotnet-adapters-shortest-paths-impl-quickgraph.csproj", "{BE189530-70B7-4F8E-9859-3B9FAF180DB2}"
EndProject
Global
	GlobalSection(SolutionConfigurationPlatforms) = preSolution
		Debug|Any CPU = Debug|Any CPU
		Release|Any CPU = Release|Any CPU
	EndGlobalSection
	GlobalSection(ProjectConfigurationPlatforms) = postSolution
		{45DE26BC-016F-445C-B625-9D7F04EA3353}.Debug|Any CPU.ActiveCfg = Debug|Any CPU
		{45DE26BC-016F-445C-B625-9D7F04EA3353}.Debug|Any CPU.Build.0 = Debug|Any CPU
		{45DE26BC-016F-445C-B625-9D7F04EA3353}.Release|Any CPU.ActiveCfg = Release|Any CPU
		{45DE26BC-016F-445C-B625-9D7F04EA3353}.Release|Any CPU.Build.0 = Release|Any CPU
		{E3C0E64A-6B2B-4B7E-AF75-465C7B7A7559}.Debug|Any CPU.ActiveCfg = Debug|Any CPU
		{E3C0E64A-6B2B-4B7E-AF75-465C7B7A7559}.Debug|Any CPU.Build.0 = Debug|Any CPU
		{E3C0E64A-6B2B-4B7E-AF75-465C7B7A7559}.Release|Any CPU.ActiveCfg = Release|Any CPU
		{E3C0E64A-6B2B-4B7E-AF75-465C7B7A7559}.Release|Any CPU.Build.0 = Release|Any CPU
		{B3A75F90-E892-48AF-AD32-563514C9D72A}.Debug|Any CPU.ActiveCfg = Debug|Any CPU
		{B3A75F90-E892-48AF-AD32-563514C9D72A}.Debug|Any CPU.Build.0 = Debug|Any CPU
		{B3A75F90-E892-48AF-AD32-563514C9D72A}.Release|Any CPU.ActiveCfg = Release|Any CPU
		{B3A75F90-E892-48AF-AD32-563514C9D72A}.Release|Any CPU.Build.0 = Release|Any CPU
		{992E5467-337A-47BF-BDB4-1E3BF77E79C2}.Debug|Any CPU.ActiveCfg = Debug|Any CPU
		{992E5467-337A-47BF-BDB4-1E3BF77E79C2}.Debug|Any CPU.Build.0 = Debug|Any CPU
		{992E5467-337A-47BF-BDB4-1E3BF77E79C2}.Release|Any CPU.ActiveCfg = Release|Any CPU
		{992E5467-337A-47BF-BDB4-1E3BF77E79C2}.Release|Any CPU.Build.0 = Release|Any CPU
		{E5F801D6-0430-4E40-8DEB-94EF6DEF2F8C}.Debug|Any CPU.ActiveCfg = Debug|Any CPU
		{E5F801D6-0430-4E40-8DEB-94EF6DEF2F8C}.Debug|Any CPU.Build.0 = Debug|Any CPU
		{E5F801D6-0430-4E40-8DEB-94EF6DEF2F8C}.Release|Any CPU.ActiveCfg = Release|Any CPU
		{E5F801D6-0430-4E40-8DEB-94EF6DEF2F8C}.Release|Any CPU.Build.0 = Release|Any CPU
		{7D1415EB-0D86-4BE8-A8E9-F19E66D4BD6E}.Debug|Any CPU.ActiveCfg = Debug|Any CPU
		{7D1415EB-0D86-4BE8-A8E9-F19E66D4BD6E}.Debug|Any CPU.Build.0 = Debug|Any CPU
		{7D1415EB-0D86-4BE8-A8E9-F19E66D4BD6E}.Release|Any CPU.ActiveCfg = Release|Any CPU
		{7D1415EB-0D86-4BE8-A8E9-F19E66D4BD6E}.Release|Any CPU.Build.0 = Release|Any CPU
		{B15EDC9E-B0BD-4CF0-AE98-31649DF63D84}.Debug|Any CPU.ActiveCfg = Debug|Any CPU
		{B15EDC9E-B0BD-4CF0-AE98-31649DF63D84}.Debug|Any CPU.Build.0 = Debug|Any CPU
		{B15EDC9E-B0BD-4CF0-AE98-31649DF63D84}.Release|Any CPU.ActiveCfg = Release|Any CPU
		{B15EDC9E-B0BD-4CF0-AE98-31649DF63D84}.Release|Any CPU.Build.0 = Release|Any CPU
		{60C54CB0-C8BF-4A39-9F8B-B18D0F76A89D}.Debug|Any CPU.ActiveCfg = Debug|Any CPU
		{60C54CB0-C8BF-4A39-9F8B-B18D0F76A89D}.Debug|Any CPU.Build.0 = Debug|Any CPU
		{60C54CB0-C8BF-4A39-9F8B-B18D0F76A89D}.Release|Any CPU.ActiveCfg = Release|Any CPU
		{60C54CB0-C8BF-4A39-9F8B-B18D0F76A89D}.Release|Any CPU.Build.0 = Release|Any CPU
		{BDDF6667-CF76-429E-8B19-5E9FD9BDA947}.Debug|Any CPU.ActiveCfg = Debug|Any CPU
		{BDDF6667-CF76-429E-8B19-5E9FD9BDA947}.Debug|Any CPU.Build.0 = Debug|Any CPU
		{BDDF6667-CF76-429E-8B19-5E9FD9BDA947}.Release|Any CPU.ActiveCfg = Release|Any CPU
		{BDDF6667-CF76-429E-8B19-5E9FD9BDA947}.Release|Any CPU.Build.0 = Release|Any CPU
		{B70FFB71-D9B4-4984-881D-2E5EB25E2AA8}.Debug|Any CPU.ActiveCfg = Debug|Any CPU
		{B70FFB71-D9B4-4984-881D-2E5EB25E2AA8}.Debug|Any CPU.Build.0 = Debug|Any CPU
		{B70FFB71-D9B4-4984-881D-2E5EB25E2AA8}.Release|Any CPU.ActiveCfg = Release|Any CPU
		{B70FFB71-D9B4-4984-881D-2E5EB25E2AA8}.Release|Any CPU.Build.0 = Release|Any CPU
		{41A2D09B-1505-453F-971B-13CFBF0BA988}.Debug|Any CPU.ActiveCfg = Debug|Any CPU
		{41A2D09B-1505-453F-971B-13CFBF0BA988}.Debug|Any CPU.Build.0 = Debug|Any CPU
		{41A2D09B-1505-453F-971B-13CFBF0BA988}.Release|Any CPU.ActiveCfg = Release|Any CPU
		{41A2D09B-1505-453F-971B-13CFBF0BA988}.Release|Any CPU.Build.0 = Release|Any CPU
		{082A4853-C644-4A8B-B45A-E7B665BE175A}.Debug|Any CPU.ActiveCfg = Debug|Any CPU
		{082A4853-C644-4A8B-B45A-E7B665BE175A}.Debug|Any CPU.Build.0 = Debug|Any CPU
		{082A4853-C644-4A8B-B45A-E7B665BE175A}.Release|Any CPU.ActiveCfg = Release|Any CPU
		{082A4853-C644-4A8B-B45A-E7B665BE175A}.Release|Any CPU.Build.0 = Release|Any CPU
		{BE189530-70B7-4F8E-9859-3B9FAF180DB2}.Debug|Any CPU.ActiveCfg = Debug|Any CPU
		{BE189530-70B7-4F8E-9859-3B9FAF180DB2}.Debug|Any CPU.Build.0 = Debug|Any CPU
		{BE189530-70B7-4F8E-9859-3B9FAF180DB2}.Release|Any CPU.ActiveCfg = Release|Any CPU
		{BE189530-70B7-4F8E-9859-3B9FAF180DB2}.Release|Any CPU.Build.0 = Release|Any CPU
	EndGlobalSection
	GlobalSection(SolutionProperties) = preSolution
		HideSolutionNode = FALSE
	EndGlobalSection
	GlobalSection(ExtensibilityGlobals) = postSolution
		SolutionGuid = {149BA7B7-4BE6-48A3-A31E-F5181716A47F}
	EndGlobalSection
EndGlobal
