
Microsoft Visual Studio Solution File, Format Version 12.00
# Visual Studio 15
VisualStudioVersion = 15.0.27703.2018
MinimumVisualStudioVersion = 10.0.40219.1
Project("{FAE04EC0-301F-11D3-BF4B-00C04F79EFBC}") = "YenKsp", "YenKsp\YenKsp.csproj", "{F35EF7E1-72AD-4B7E-BAA5-24A4F36F3E76}"
EndProject
Project("{FAE04EC0-301F-11D3-BF4B-00C04F79EFBC}") = "YenKspTest", "YenKspTest\YenKspTest.csproj", "{41A2D09B-1505-453F-971B-13CFBF0BA988}"
EndProject
Global
	GlobalSection(SolutionConfigurationPlatforms) = preSolution
		Debug|Any CPU = Debug|Any CPU
		Release|Any CPU = Release|Any CPU
	EndGlobalSection
	GlobalSection(ProjectConfigurationPlatforms) = postSolution
		{F35EF7E1-72AD-4B7E-BAA5-24A4F36F3E76}.Debug|Any CPU.ActiveCfg = Debug|Any CPU
		{F35EF7E1-72AD-4B7E-BAA5-24A4F36F3E76}.Debug|Any CPU.Build.0 = Debug|Any CPU
		{F35EF7E1-72AD-4B7E-BAA5-24A4F36F3E76}.Release|Any CPU.ActiveCfg = Release|Any CPU
		{F35EF7E1-72AD-4B7E-BAA5-24A4F36F3E76}.Release|Any CPU.Build.0 = Release|Any CPU
		{41A2D09B-1505-453F-971B-13CFBF0BA988}.Debug|Any CPU.ActiveCfg = Debug|Any CPU
		{41A2D09B-1505-453F-971B-13CFBF0BA988}.Debug|Any CPU.Build.0 = Debug|Any CPU
		{41A2D09B-1505-453F-971B-13CFBF0BA988}.Release|Any CPU.ActiveCfg = Release|Any CPU
		{41A2D09B-1505-453F-971B-13CFBF0BA988}.Release|Any CPU.Build.0 = Release|Any CPU
	EndGlobalSection
	GlobalSection(SolutionProperties) = preSolution
		HideSolutionNode = FALSE
	EndGlobalSection
	GlobalSection(ExtensibilityGlobals) = postSolution
		SolutionGuid = {5B90DF63-74EF-44BE-B2A9-18C7C715FB18}
	EndGlobalSection
EndGlobal
